
Microsoft Visual Studio Solution File, Format Version 12.00
# Visual Studio Version 16
VisualStudioVersion = 16.0.31112.23
MinimumVisualStudioVersion = 10.0.40219.1
Project("{FAE04EC0-301F-11D3-BF4B-00C04F79EFBC}") = "P10_1", "P10_1\P10_1.csproj", "{0FE44A1E-562A-42C0-9957-C1E90157C504}"
EndProject
Global
	GlobalSection(SolutionConfigurationPlatforms) = preSolution
		Debug|Any CPU = Debug|Any CPU
		Release|Any CPU = Release|Any CPU
	EndGlobalSection
	GlobalSection(ProjectConfigurationPlatforms) = postSolution
		{0FE44A1E-562A-42C0-9957-C1E90157C504}.Debug|Any CPU.ActiveCfg = Debug|Any CPU
		{0FE44A1E-562A-42C0-9957-C1E90157C504}.Debug|Any CPU.Build.0 = Debug|Any CPU
		{0FE44A1E-562A-42C0-9957-C1E90157C504}.Release|Any CPU.ActiveCfg = Release|Any CPU
		{0FE44A1E-562A-42C0-9957-C1E90157C504}.Release|Any CPU.Build.0 = Release|Any CPU
	EndGlobalSection
	GlobalSection(SolutionProperties) = preSolution
		HideSolutionNode = FALSE
	EndGlobalSection
	GlobalSection(ExtensibilityGlobals) = postSolution
		SolutionGuid = {D2807734-A896-44F6-BE07-F7A46E8E1C2E}
	EndGlobalSection
EndGlobal
