
Microsoft Visual Studio Solution File, Format Version 12.00
# Visual Studio Version 16
VisualStudioVersion = 16.0.30711.63
MinimumVisualStudioVersion = 10.0.40219.1
Project("{FAE04EC0-301F-11D3-BF4B-00C04F79EFBC}") = "P7_2", "P7_2\P7_2.csproj", "{7B5B18B4-4321-40BF-A627-104A0B97C366}"
EndProject
Global
	GlobalSection(SolutionConfigurationPlatforms) = preSolution
		Debug|Any CPU = Debug|Any CPU
		Release|Any CPU = Release|Any CPU
	EndGlobalSection
	GlobalSection(ProjectConfigurationPlatforms) = postSolution
		{7B5B18B4-4321-40BF-A627-104A0B97C366}.Debug|Any CPU.ActiveCfg = Debug|Any CPU
		{7B5B18B4-4321-40BF-A627-104A0B97C366}.Debug|Any CPU.Build.0 = Debug|Any CPU
		{7B5B18B4-4321-40BF-A627-104A0B97C366}.Release|Any CPU.ActiveCfg = Release|Any CPU
		{7B5B18B4-4321-40BF-A627-104A0B97C366}.Release|Any CPU.Build.0 = Release|Any CPU
	EndGlobalSection
	GlobalSection(SolutionProperties) = preSolution
		HideSolutionNode = FALSE
	EndGlobalSection
	GlobalSection(ExtensibilityGlobals) = postSolution
		SolutionGuid = {B1F3ADF1-4C10-4323-8626-D263A556F31C}
	EndGlobalSection
EndGlobal
